
Microsoft Visual Studio Solution File, Format Version 12.00
# Visual Studio Version 17
VisualStudioVersion = 17.5.002.0
MinimumVisualStudioVersion = 10.0.40219.1
Project("{9A19103F-16F7-4668-BE54-9A1E7A4F7556}") = "estudandoCs4", "estudandoCs4.csproj", "{96DF67A5-C69B-406E-A91F-0B619A368514}"
EndProject
Global
	GlobalSection(SolutionConfigurationPlatforms) = preSolution
		Debug|Any CPU = Debug|Any CPU
		Release|Any CPU = Release|Any CPU
	EndGlobalSection
	GlobalSection(ProjectConfigurationPlatforms) = postSolution
		{96DF67A5-C69B-406E-A91F-0B619A368514}.Debug|Any CPU.ActiveCfg = Debug|Any CPU
		{96DF67A5-C69B-406E-A91F-0B619A368514}.Debug|Any CPU.Build.0 = Debug|Any CPU
		{96DF67A5-C69B-406E-A91F-0B619A368514}.Release|Any CPU.ActiveCfg = Release|Any CPU
		{96DF67A5-C69B-406E-A91F-0B619A368514}.Release|Any CPU.Build.0 = Release|Any CPU
	EndGlobalSection
	GlobalSection(SolutionProperties) = preSolution
		HideSolutionNode = FALSE
	EndGlobalSection
	GlobalSection(ExtensibilityGlobals) = postSolution
		SolutionGuid = {90347AA6-B3BE-4D2A-9C45-930D80A2A102}
	EndGlobalSection
EndGlobal
